
Microsoft Visual Studio Solution File, Format Version 12.00
# Visual Studio Version 16
VisualStudioVersion = 16.0.30114.105
MinimumVisualStudioVersion = 10.0.40219.1
Project("{FAE04EC0-301F-11D3-BF4B-00C04F79EFBC}") = "EmailService", "EmailService\EmailService.csproj", "{A39E13A6-CA8D-4CC3-9DE2-D5ABBAA04755}"
EndProject
Project("{FAE04EC0-301F-11D3-BF4B-00C04F79EFBC}") = "EmailService.Tests", "EmailService.Tests\EmailService.Tests.csproj", "{031DA3EB-144C-4BBA-8DF9-2FA6E5D64B01}"
EndProject
Global
	GlobalSection(SolutionConfigurationPlatforms) = preSolution
		Debug|Any CPU = Debug|Any CPU
		Release|Any CPU = Release|Any CPU
	EndGlobalSection
	GlobalSection(SolutionProperties) = preSolution
		HideSolutionNode = FALSE
	EndGlobalSection
	GlobalSection(ProjectConfigurationPlatforms) = postSolution
		{A39E13A6-CA8D-4CC3-9DE2-D5ABBAA04755}.Debug|Any CPU.ActiveCfg = Debug|Any CPU
		{A39E13A6-CA8D-4CC3-9DE2-D5ABBAA04755}.Debug|Any CPU.Build.0 = Debug|Any CPU
		{A39E13A6-CA8D-4CC3-9DE2-D5ABBAA04755}.Release|Any CPU.ActiveCfg = Release|Any CPU
		{A39E13A6-CA8D-4CC3-9DE2-D5ABBAA04755}.Release|Any CPU.Build.0 = Release|Any CPU
		{031DA3EB-144C-4BBA-8DF9-2FA6E5D64B01}.Debug|Any CPU.ActiveCfg = Debug|Any CPU
		{031DA3EB-144C-4BBA-8DF9-2FA6E5D64B01}.Debug|Any CPU.Build.0 = Debug|Any CPU
		{031DA3EB-144C-4BBA-8DF9-2FA6E5D64B01}.Release|Any CPU.ActiveCfg = Release|Any CPU
		{031DA3EB-144C-4BBA-8DF9-2FA6E5D64B01}.Release|Any CPU.Build.0 = Release|Any CPU
	EndGlobalSection
EndGlobal
